{
  "name": "servicio-auth",
  "version": "1.0.0",
  "lockfileVersion": 3,
  "requires": true,
  "packages": {
    "": {
      "name": "servicio-auth",
      "version": "1.0.0",
      "license": "ISC",
      "dependencies": {
        "servicio-auth": "file:",
        "submoduloauth": "file:"
      }
    },
    "node_modules/servicio-auth": {
      "resolved": "",
      "link": true
    },
    "node_modules/submoduloauth": {
      "resolved": "",
      "link": true
    }
  }
}
